# This is a Gradle generated file for dependency locking.
# Manual edits can break the build and are not advised.
# This file is expected to be part of source control.
com.fasterxml.jackson.core:jackson-annotations:2.21=compileClasspath,databaseHttpFrontendCompileClasspath,databaseHttpFrontendRuntimeClasspath,databaseHttpFrontendTestCompileClasspath,databaseHttpFrontendTestRuntimeClasspath,runtimeClasspath,testCompileClasspath,testRuntimeClasspath
com.fasterxml.jackson.core:jackson-core:2.21.7=compileClasspath,databaseHttpFrontendCompileClasspath,databaseHttpFrontendRuntimeClasspath,databaseHttpFrontendTestCompileClasspath,databaseHttpFrontendTestRuntimeClasspath,runtimeClasspath,testCompileClasspath,testRuntimeClasspath
com.fasterxml.jackson.core:jackson-databind:2.21.7=compileClasspath,databaseHttpFrontendCompileClasspath,databaseHttpFrontendRuntimeClasspath,databaseHttpFrontendTestCompileClasspath,databaseHttpFrontendTestRuntimeClasspath,runtimeClasspath,testCompileClasspath,testRuntimeClasspath
com.fasterxml.jackson.dataformat:jackson-dataformat-yaml:2.21.7=compileClasspath,runtimeClasspath,testCompileClasspath,testRuntimeClasspath
com.fasterxml.jackson:jackson-bom:2.21.7=compileClasspath,databaseHttpFrontendCompileClasspath,databaseHttpFrontendRuntimeClasspath,databaseHttpFrontendTestCompileClasspath,databaseHttpFrontendTestRuntimeClasspath,runtimeClasspath,testCompileClasspath,testRuntimeClasspath
com.github.docker-java:docker-java-api:3.4.2=testCompileClasspath,testRuntimeClasspath
com.github.docker-java:docker-java-api:3.7.1=databaseHttpFrontendTestCompileClasspath,databaseHttpFrontendTestRuntimeClasspath
com.github.docker-java:docker-java-transport-zerodep:3.4.2=testCompileClasspath,testRuntimeClasspath
com.github.docker-java:docker-java-transport-zerodep:3.7.1=databaseHttpFrontendTestCompileClasspath,databaseHttpFrontendTestRuntimeClasspath
com.github.docker-java:docker-java-transport:3.4.2=testCompileClasspath,testRuntimeClasspath
com.github.docker-java:docker-java-transport:3.7.1=databaseHttpFrontendTestCompileClasspath,databaseHttpFrontendTestRuntimeClasspath
com.google.protobuf:protobuf-java:3.25.5=databaseHttpFrontendRuntimeClasspath,databaseHttpFrontendTestCompileClasspath,databaseHttpFrontendTestRuntimeClasspath,runtimeClasspath,titanJdbc
com.google.protobuf:protobuf-java:4.31.1=testRuntimeClasspath
com.mysql:mysql-connector-j:26.7.0=testRuntimeClasspath
com.mysql:mysql-connector-j:8.4.0=databaseHttpFrontendRuntimeClasspath,databaseHttpFrontendTestCompileClasspath,databaseHttpFrontendTestRuntimeClasspath,runtimeClasspath,titanJdbc
commons-codec:commons-codec:1.19.0=databaseHttpFrontendTestCompileClasspath,databaseHttpFrontendTestRuntimeClasspath,testRuntimeClasspath
commons-io:commons-io:2.20.0=databaseHttpFrontendTestCompileClasspath,databaseHttpFrontendTestRuntimeClasspath,testRuntimeClasspath
junit:junit:4.13.2=testCompileClasspath,testRuntimeClasspath
net.java.dev.jna:jna:5.13.0=testCompileClasspath,testRuntimeClasspath
net.java.dev.jna:jna:5.18.1=databaseHttpFrontendTestCompileClasspath,databaseHttpFrontendTestRuntimeClasspath
org.apache.commons:commons-compress:1.24.0=testCompileClasspath
org.apache.commons:commons-compress:1.28.0=databaseHttpFrontendTestCompileClasspath,databaseHttpFrontendTestRuntimeClasspath,testRuntimeClasspath
org.apache.commons:commons-lang3:3.18.0=databaseHttpFrontendTestCompileClasspath,databaseHttpFrontendTestRuntimeClasspath,testRuntimeClasspath
org.apiguardian:apiguardian-api:1.1.2=databaseHttpFrontendTestCompileClasspath,testCompileClasspath
org.checkerframework:checker-qual:3.55.1=databaseHttpFrontendRuntimeClasspath,databaseHttpFrontendTestRuntimeClasspath,runtimeClasspath,testRuntimeClasspath,titanJdbc
org.hamcrest:hamcrest-core:1.3=testCompileClasspath,testRuntimeClasspath
org.jetbrains:annotations:17.0.0=databaseHttpFrontendTestCompileClasspath,databaseHttpFrontendTestRuntimeClasspath,testCompileClasspath,testRuntimeClasspath
org.jspecify:jspecify:1.0.0=databaseHttpFrontendTestCompileClasspath
org.junit.jupiter:junit-jupiter-api:5.10.3=testCompileClasspath,testRuntimeClasspath
org.junit.jupiter:junit-jupiter-api:6.0.3=databaseHttpFrontendTestCompileClasspath,databaseHttpFrontendTestRuntimeClasspath
org.junit.jupiter:junit-jupiter-engine:5.10.3=testRuntimeClasspath
org.junit.jupiter:junit-jupiter-engine:6.0.3=databaseHttpFrontendTestRuntimeClasspath
org.junit.jupiter:junit-jupiter-params:5.10.3=testCompileClasspath,testRuntimeClasspath
org.junit.jupiter:junit-jupiter-params:6.0.3=databaseHttpFrontendTestCompileClasspath,databaseHttpFrontendTestRuntimeClasspath
org.junit.jupiter:junit-jupiter:5.10.3=testCompileClasspath,testRuntimeClasspath
org.junit.jupiter:junit-jupiter:6.0.3=databaseHttpFrontendTestCompileClasspath,databaseHttpFrontendTestRuntimeClasspath
org.junit.platform:junit-platform-commons:1.10.3=testCompileClasspath,testRuntimeClasspath
org.junit.platform:junit-platform-commons:6.0.3=databaseHttpFrontendTestCompileClasspath,databaseHttpFrontendTestRuntimeClasspath
org.junit.platform:junit-platform-engine:1.10.3=testRuntimeClasspath
org.junit.platform:junit-platform-engine:6.0.3=databaseHttpFrontendTestRuntimeClasspath
org.junit.platform:junit-platform-launcher:1.10.3=testRuntimeClasspath
org.junit.platform:junit-platform-launcher:6.0.3=databaseHttpFrontendTestRuntimeClasspath
org.junit:junit-bom:5.10.3=testCompileClasspath,testRuntimeClasspath
org.junit:junit-bom:6.0.3=databaseHttpFrontendTestCompileClasspath,databaseHttpFrontendTestRuntimeClasspath
org.opentest4j:opentest4j:1.3.0=databaseHttpFrontendTestCompileClasspath,databaseHttpFrontendTestRuntimeClasspath,testCompileClasspath,testRuntimeClasspath
org.postgresql:postgresql:42.7.13=databaseHttpFrontendRuntimeClasspath,databaseHttpFrontendTestCompileClasspath,databaseHttpFrontendTestRuntimeClasspath,runtimeClasspath,testRuntimeClasspath,titanJdbc
org.rnorth.duct-tape:duct-tape:1.0.8=databaseHttpFrontendTestCompileClasspath,databaseHttpFrontendTestRuntimeClasspath,testCompileClasspath,testRuntimeClasspath
org.slf4j:slf4j-api:1.7.36=databaseHttpFrontendTestCompileClasspath,databaseHttpFrontendTestRuntimeClasspath,testCompileClasspath,testRuntimeClasspath
org.testcontainers:database-commons:1.21.4=testCompileClasspath,testRuntimeClasspath
org.testcontainers:jdbc:1.21.4=testCompileClasspath,testRuntimeClasspath
org.testcontainers:mysql:1.21.4=testCompileClasspath,testRuntimeClasspath
org.testcontainers:postgresql:1.21.4=testCompileClasspath,testRuntimeClasspath
org.testcontainers:testcontainers-database-commons:2.0.5=databaseHttpFrontendTestCompileClasspath,databaseHttpFrontendTestRuntimeClasspath
org.testcontainers:testcontainers-jdbc:2.0.5=databaseHttpFrontendTestCompileClasspath,databaseHttpFrontendTestRuntimeClasspath
org.testcontainers:testcontainers-mysql:2.0.5=databaseHttpFrontendTestCompileClasspath,databaseHttpFrontendTestRuntimeClasspath
org.testcontainers:testcontainers-postgresql:2.0.5=databaseHttpFrontendTestCompileClasspath,databaseHttpFrontendTestRuntimeClasspath
org.testcontainers:testcontainers:1.21.4=testCompileClasspath,testRuntimeClasspath
org.testcontainers:testcontainers:2.0.5=databaseHttpFrontendTestCompileClasspath,databaseHttpFrontendTestRuntimeClasspath
org.yaml:snakeyaml:2.5=compileClasspath,runtimeClasspath,testCompileClasspath,testRuntimeClasspath
empty=annotationProcessor,databaseEngineAnnotationProcessor,databaseEngineCompileClasspath,databaseEngineRuntimeClasspath,databaseFrontendAnnotationProcessor,databaseFrontendCompileClasspath,databaseFrontendRuntimeClasspath,databaseHttpFrontendAnnotationProcessor,databaseHttpFrontendTestAnnotationProcessor,testAnnotationProcessor
